
Microsoft Visual Studio Solution File, Format Version 12.00
# Visual Studio Version 17
VisualStudioVersion = 17.14.36017.23 d17.14
MinimumVisualStudioVersion = 10.0.40219.1
Project("{FAE04EC0-301F-11D3-BF4B-00C04F79EFBC}") = "zonaJuegos", "zonaJuegos\zonaJuegos.csproj", "{9B86D7E6-4421-4ED1-991D-C209BA6B77CE}"
EndProject
Global
	GlobalSection(SolutionConfigurationPlatforms) = preSolution
		Debug|Any CPU = Debug|Any CPU
		Release|Any CPU = Release|Any CPU
	EndGlobalSection
	GlobalSection(ProjectConfigurationPlatforms) = postSolution
		{9B86D7E6-4421-4ED1-991D-C209BA6B77CE}.Debug|Any CPU.ActiveCfg = Debug|Any CPU
		{9B86D7E6-4421-4ED1-991D-C209BA6B77CE}.Debug|Any CPU.Build.0 = Debug|Any CPU
		{9B86D7E6-4421-4ED1-991D-C209BA6B77CE}.Release|Any CPU.ActiveCfg = Release|Any CPU
		{9B86D7E6-4421-4ED1-991D-C209BA6B77CE}.Release|Any CPU.Build.0 = Release|Any CPU
	EndGlobalSection
	GlobalSection(SolutionProperties) = preSolution
		HideSolutionNode = FALSE
	EndGlobalSection
	GlobalSection(ExtensibilityGlobals) = postSolution
		SolutionGuid = {3C8F4661-E560-494B-A2E9-EAD7D8FFDE41}
	EndGlobalSection
EndGlobal
